
Microsoft Visual Studio Solution File, Format Version 12.00
# Visual Studio 15
VisualStudioVersion = 15.0.27428.2037
MinimumVisualStudioVersion = 10.0.40219.1
Project("{FAE04EC0-301F-11D3-BF4B-00C04F79EFBC}") = "StudentApp(Windows)", "StudentApp(Windows)\StudentApp(Windows).csproj", "{47C931B4-976C-4764-8D1E-D3B5D81FEB76}"
EndProject
Global
	GlobalSection(SolutionConfigurationPlatforms) = preSolution
		Debug|Any CPU = Debug|Any CPU
		Release|Any CPU = Release|Any CPU
	EndGlobalSection
	GlobalSection(ProjectConfigurationPlatforms) = postSolution
		{47C931B4-976C-4764-8D1E-D3B5D81FEB76}.Debug|Any CPU.ActiveCfg = Debug|Any CPU
		{47C931B4-976C-4764-8D1E-D3B5D81FEB76}.Debug|Any CPU.Build.0 = Debug|Any CPU
		{47C931B4-976C-4764-8D1E-D3B5D81FEB76}.Release|Any CPU.ActiveCfg = Release|Any CPU
		{47C931B4-976C-4764-8D1E-D3B5D81FEB76}.Release|Any CPU.Build.0 = Release|Any CPU
	EndGlobalSection
	GlobalSection(SolutionProperties) = preSolution
		HideSolutionNode = FALSE
	EndGlobalSection
	GlobalSection(ExtensibilityGlobals) = postSolution
		SolutionGuid = {7BD1E74A-C06F-42BA-8A7D-BD2F977A8460}
	EndGlobalSection
EndGlobal
